// !$*UTF8*$!
{
	archiveVersion = 1;
	classes = {
	};
	objectVersion = 45;
	objects = {

/* Begin PBXBuildFile section */
		1DDD582C0DA1D0D100B32029 /* MyDocument.xib in Resources */ = {isa = PBXBuildFile; fileRef = 1DDD58280DA1D0D100B32029 /* MyDocument.xib */; };
		1DDD582D0DA1D0D100B32029 /* MainMenu.xib in Resources */ = {isa = PBXBuildFile; fileRef = 1DDD582A0DA1D0D100B32029 /* MainMenu.xib */; };
		8D15AC2C0486D014006FF6A4 /* Credits.rtf in Resources */ = {isa = PBXBuildFile; fileRef = 2A37F4B9FDCFA73011CA2CEA /* Credits.rtf */; };
		8D15AC2F0486D014006FF6A4 /* InfoPlist.strings in Resources */ = {isa = PBXBuildFile; fileRef = 089C165FFE840EACC02AAC07 /* InfoPlist.strings */; };
		8D15AC310486D014006FF6A4 /* MyDocument.m in Sources */ = {isa = PBXBuildFile; fileRef = 2A37F4ACFDCFA73011CA2CEA /* MyDocument.m */; settings = {ATTRIBUTES = (); }; };
		8D15AC320486D014006FF6A4 /* main.m in Sources */ = {isa = PBXBuildFile; fileRef = 2A37F4B0FDCFA73011CA2CEA /* main.m */; settings = {ATTRIBUTES = (); }; };
		8D15AC340486D014006FF6A4 /* Cocoa.framework in Frameworks */ = {isa = PBXBuildFile; fileRef = 1058C7A7FEA54F5311CA2CBB /* Cocoa.framework */; };
		960DBE1312DAC55C0005707A /* Sparkle.framework in Frameworks */ = {isa = PBXBuildFile; fileRef = 960DBE1212DAC55C0005707A /* Sparkle.framework */; };
		960DBE3612DAC5C40005707A /* Sparkle.framework in CopyFiles */ = {isa = PBXBuildFile; fileRef = 960DBE1212DAC55C0005707A /* Sparkle.framework */; };
		960DBE3C12DAC8170005707A /* dsa_pub.pem in Resources */ = {isa = PBXBuildFile; fileRef = 960DBE3B12DAC8170005707A /* dsa_pub.pem */; };
		960DBF7C12DD53060005707A /* pdf_folder.icns in Resources */ = {isa = PBXBuildFile; fileRef = 960DBF7B12DD53060005707A /* pdf_folder.icns */; };
		960DBF9E12DD56600005707A /* PDFOptimizerAppDelegate.h in Sources */ = {isa = PBXBuildFile; fileRef = 960DBF9C12DD56600005707A /* PDFOptimizerAppDelegate.h */; };
		960DBF9F12DD56600005707A /* PDFOptimizerAppDelegate.m in Sources */ = {isa = PBXBuildFile; fileRef = 960DBF9D12DD56600005707A /* PDFOptimizerAppDelegate.m */; };
		960DBFB312DD5ABD0005707A /* PFMoveApplication.h in Sources */ = {isa = PBXBuildFile; fileRef = 960DBFB112DD5ABD0005707A /* PFMoveApplication.h */; };
		960DBFB412DD5ABD0005707A /* PFMoveApplication.m in Sources */ = {isa = PBXBuildFile; fileRef = 960DBFB212DD5ABD0005707A /* PFMoveApplication.m */; };
		960DC03012DD5C180005707A /* Security.framework in Frameworks */ = {isa = PBXBuildFile; fileRef = 960DC02F12DD5C180005707A /* Security.framework */; };
		96229DD913FDA80B0059760B /* 115high.qfilter in Resources */ = {isa = PBXBuildFile; fileRef = 960DBE0012DAC13B0005707A /* 115high.qfilter */; };
		96229DDB13FDA80D0059760B /* 115low.qfilter in Resources */ = {isa = PBXBuildFile; fileRef = 960DBDFF12DAC0AF0005707A /* 115low.qfilter */; };
		9695CA1C12C599F30006BB99 /* Quartz.framework in Frameworks */ = {isa = PBXBuildFile; fileRef = 9695CA1B12C599F30006BB99 /* Quartz.framework */; };
		9695CAAF12C693900006BB99 /* JTPDFPageView.m in Sources */ = {isa = PBXBuildFile; fileRef = 9695CAAD12C693900006BB99 /* JTPDFPageView.m */; };
		9695CAED12C699D70006BB99 /* 115avg.qfilter in Resources */ = {isa = PBXBuildFile; fileRef = 9695CAEC12C699D70006BB99 /* 115avg.qfilter */; };
/* End PBXBuildFile section */

/* Begin PBXCopyFilesBuildPhase section */
		960DBE3912DAC5C50005707A /* CopyFiles */ = {
			isa = PBXCopyFilesBuildPhase;
			buildActionMask = 2147483647;
			dstPath = "";
			dstSubfolderSpec = 10;
			files = (
				960DBE3612DAC5C40005707A /* Sparkle.framework in CopyFiles */,
			);
			runOnlyForDeploymentPostprocessing = 0;
		};
/* End PBXCopyFilesBuildPhase section */

/* Begin PBXFileReference section */
		089C1660FE840EACC02AAC07 /* English */ = {isa = PBXFileReference; fileEncoding = 4; lastKnownFileType = text.plist.strings; name = English; path = English.lproj/InfoPlist.strings; sourceTree = "<group>"; };
		1058C7A7FEA54F5311CA2CBB /* Cocoa.framework */ = {isa = PBXFileReference; lastKnownFileType = wrapper.framework; name = Cocoa.framework; path = /System/Library/Frameworks/Cocoa.framework; sourceTree = "<absolute>"; };
		13E42FBA07B3F13500E4EEF1 /* CoreData.framework */ = {isa = PBXFileReference; lastKnownFileType = wrapper.framework; name = CoreData.framework; path = /System/Library/Frameworks/CoreData.framework; sourceTree = "<absolute>"; };
		1DDD58290DA1D0D100B32029 /* English */ = {isa = PBXFileReference; lastKnownFileType = file.xib; name = English; path = English.lproj/MyDocument.xib; sourceTree = "<group>"; };
		1DDD582B0DA1D0D100B32029 /* English */ = {isa = PBXFileReference; lastKnownFileType = file.xib; name = English; path = English.lproj/MainMenu.xib; sourceTree = "<group>"; };
		2564AD2C0F5327BB00F57823 /* PDF_Optimizer_Prefix.pch */ = {isa = PBXFileReference; fileEncoding = 4; lastKnownFileType = sourcecode.c.h; path = PDF_Optimizer_Prefix.pch; sourceTree = "<group>"; };
		2A37F4ACFDCFA73011CA2CEA /* MyDocument.m */ = {isa = PBXFileReference; fileEncoding = 4; lastKnownFileType = sourcecode.c.objc; path = MyDocument.m; sourceTree = "<group>"; };
		2A37F4AEFDCFA73011CA2CEA /* MyDocument.h */ = {isa = PBXFileReference; fileEncoding = 4; lastKnownFileType = sourcecode.c.h; path = MyDocument.h; sourceTree = "<group>"; };
		2A37F4B0FDCFA73011CA2CEA /* main.m */ = {isa = PBXFileReference; fileEncoding = 4; lastKnownFileType = sourcecode.c.objc; path = main.m; sourceTree = "<group>"; };
		2A37F4BAFDCFA73011CA2CEA /* English */ = {isa = PBXFileReference; lastKnownFileType = text.rtf; name = English; path = English.lproj/Credits.rtf; sourceTree = "<group>"; };
		2A37F4C4FDCFA73011CA2CEA /* AppKit.framework */ = {isa = PBXFileReference; lastKnownFileType = wrapper.framework; name = AppKit.framework; path = /System/Library/Frameworks/AppKit.framework; sourceTree = "<absolute>"; };
		2A37F4C5FDCFA73011CA2CEA /* Foundation.framework */ = {isa = PBXFileReference; lastKnownFileType = wrapper.framework; name = Foundation.framework; path = /System/Library/Frameworks/Foundation.framework; sourceTree = "<absolute>"; };
		8D15AC360486D014006FF6A4 /* PDF_Optimizer-Info.plist */ = {isa = PBXFileReference; fileEncoding = 4; lastKnownFileType = text.plist.xml; path = "PDF_Optimizer-Info.plist"; sourceTree = "<group>"; };
		8D15AC370486D014006FF6A4 /* PDF Optimizer.app */ = {isa = PBXFileReference; explicitFileType = wrapper.application; includeInIndex = 0; path = "PDF Optimizer.app"; sourceTree = BUILT_PRODUCTS_DIR; };
		960DBDFF12DAC0AF0005707A /* 115low.qfilter */ = {isa = PBXFileReference; fileEncoding = 4; lastKnownFileType = text; path = 115low.qfilter; sourceTree = "<group>"; };
		960DBE0012DAC13B0005707A /* 115high.qfilter */ = {isa = PBXFileReference; fileEncoding = 4; lastKnownFileType = text; path = 115high.qfilter; sourceTree = "<group>"; };
		960DBE1212DAC55C0005707A /* Sparkle.framework */ = {isa = PBXFileReference; lastKnownFileType = wrapper.framework; path = Sparkle.framework; sourceTree = "<group>"; };
		960DBE3B12DAC8170005707A /* dsa_pub.pem */ = {isa = PBXFileReference; fileEncoding = 4; lastKnownFileType = text; path = dsa_pub.pem; sourceTree = "<group>"; };
		960DBF7B12DD53060005707A /* pdf_folder.icns */ = {isa = PBXFileReference; lastKnownFileType = image.icns; path = pdf_folder.icns; sourceTree = "<group>"; };
		960DBF9C12DD56600005707A /* PDFOptimizerAppDelegate.h */ = {isa = PBXFileReference; fileEncoding = 4; lastKnownFileType = sourcecode.objj.h; path = PDFOptimizerAppDelegate.h; sourceTree = "<group>"; };
		960DBF9D12DD56600005707A /* PDFOptimizerAppDelegate.m */ = {isa = PBXFileReference; fileEncoding = 4; lastKnownFileType = sourcecode.c.objc; path = PDFOptimizerAppDelegate.m; sourceTree = "<group>"; };
		960DBFB112DD5ABD0005707A /* PFMoveApplication.h */ = {isa = PBXFileReference; fileEncoding = 4; lastKnownFileType = sourcecode.objj.h; path = PFMoveApplication.h; sourceTree = "<group>"; };
		960DBFB212DD5ABD0005707A /* PFMoveApplication.m */ = {isa = PBXFileReference; fileEncoding = 4; lastKnownFileType = sourcecode.c.objc; path = PFMoveApplication.m; sourceTree = "<group>"; };
		960DC02F12DD5C180005707A /* Security.framework */ = {isa = PBXFileReference; lastKnownFileType = wrapper.framework; name = Security.framework; path = /System/Library/Frameworks/Security.framework; sourceTree = "<absolute>"; };
		9695CA1B12C599F30006BB99 /* Quartz.framework */ = {isa = PBXFileReference; lastKnownFileType = wrapper.framework; name = Quartz.framework; path = System/Library/Frameworks/Quartz.framework; sourceTree = SDKROOT; };
		9695CAAC12C693900006BB99 /* JTPDFPageView.h */ = {isa = PBXFileReference; fileEncoding = 4; lastKnownFileType = sourcecode.objj.h; path = JTPDFPageView.h; sourceTree = "<group>"; };
		9695CAAD12C693900006BB99 /* JTPDFPageView.m */ = {isa = PBXFileReference; fileEncoding = 4; lastKnownFileType = sourcecode.c.objc; path = JTPDFPageView.m; sourceTree = "<group>"; };
		9695CAEC12C699D70006BB99 /* 115avg.qfilter */ = {isa = PBXFileReference; fileEncoding = 4; lastKnownFileType = text.xml; path = 115avg.qfilter; sourceTree = "<group>"; };
/* End PBXFileReference section */

/* Begin PBXFrameworksBuildPhase section */
		8D15AC330486D014006FF6A4 /* Frameworks */ = {
			isa = PBXFrameworksBuildPhase;
			buildActionMask = 2147483647;
			files = (
				8D15AC340486D014006FF6A4 /* Cocoa.framework in Frameworks */,
				9695CA1C12C599F30006BB99 /* Quartz.framework in Frameworks */,
				960DBE1312DAC55C0005707A /* Sparkle.framework in Frameworks */,
				960DC03012DD5C180005707A /* Security.framework in Frameworks */,
			);
			runOnlyForDeploymentPostprocessing = 0;
		};
/* End PBXFrameworksBuildPhase section */

/* Begin PBXGroup section */
		1058C7A6FEA54F5311CA2CBB /* Linked Frameworks */ = {
			isa = PBXGroup;
			children = (
				960DC02F12DD5C180005707A /* Security.framework */,
				960DBE1212DAC55C0005707A /* Sparkle.framework */,
				9695CA1B12C599F30006BB99 /* Quartz.framework */,
				1058C7A7FEA54F5311CA2CBB /* Cocoa.framework */,
			);
			name = "Linked Frameworks";
			sourceTree = "<group>";
		};
		1058C7A8FEA54F5311CA2CBB /* Other Frameworks */ = {
			isa = PBXGroup;
			children = (
				2A37F4C4FDCFA73011CA2CEA /* AppKit.framework */,
				13E42FBA07B3F13500E4EEF1 /* CoreData.framework */,
				2A37F4C5FDCFA73011CA2CEA /* Foundation.framework */,
			);
			name = "Other Frameworks";
			sourceTree = "<group>";
		};
		19C28FB0FE9D524F11CA2CBB /* Products */ = {
			isa = PBXGroup;
			children = (
				8D15AC370486D014006FF6A4 /* PDF Optimizer.app */,
			);
			name = Products;
			sourceTree = "<group>";
		};
		2A37F4AAFDCFA73011CA2CEA /* PDF Optimizer */ = {
			isa = PBXGroup;
			children = (
				2A37F4ABFDCFA73011CA2CEA /* Classes */,
				2A37F4AFFDCFA73011CA2CEA /* Other Sources */,
				2A37F4B8FDCFA73011CA2CEA /* Resources */,
				2A37F4C3FDCFA73011CA2CEA /* Frameworks */,
				19C28FB0FE9D524F11CA2CBB /* Products */,
			);
			name = "PDF Optimizer";
			sourceTree = "<group>";
		};
		2A37F4ABFDCFA73011CA2CEA /* Classes */ = {
			isa = PBXGroup;
			children = (
				960DBFB112DD5ABD0005707A /* PFMoveApplication.h */,
				960DBFB212DD5ABD0005707A /* PFMoveApplication.m */,
				2A37F4AEFDCFA73011CA2CEA /* MyDocument.h */,
				2A37F4ACFDCFA73011CA2CEA /* MyDocument.m */,
				9695CAAC12C693900006BB99 /* JTPDFPageView.h */,
				9695CAAD12C693900006BB99 /* JTPDFPageView.m */,
				960DBF9C12DD56600005707A /* PDFOptimizerAppDelegate.h */,
				960DBF9D12DD56600005707A /* PDFOptimizerAppDelegate.m */,
			);
			name = Classes;
			sourceTree = "<group>";
		};
		2A37F4AFFDCFA73011CA2CEA /* Other Sources */ = {
			isa = PBXGroup;
			children = (
				2564AD2C0F5327BB00F57823 /* PDF_Optimizer_Prefix.pch */,
				2A37F4B0FDCFA73011CA2CEA /* main.m */,
			);
			name = "Other Sources";
			sourceTree = "<group>";
		};
		2A37F4B8FDCFA73011CA2CEA /* Resources */ = {
			isa = PBXGroup;
			children = (
				960DBF7B12DD53060005707A /* pdf_folder.icns */,
				960DBE3B12DAC8170005707A /* dsa_pub.pem */,
				960DBE0012DAC13B0005707A /* 115high.qfilter */,
				9695CAEC12C699D70006BB99 /* 115avg.qfilter */,
				960DBDFF12DAC0AF0005707A /* 115low.qfilter */,
				2A37F4B9FDCFA73011CA2CEA /* Credits.rtf */,
				8D15AC360486D014006FF6A4 /* PDF_Optimizer-Info.plist */,
				089C165FFE840EACC02AAC07 /* InfoPlist.strings */,
				1DDD58280DA1D0D100B32029 /* MyDocument.xib */,
				1DDD582A0DA1D0D100B32029 /* MainMenu.xib */,
			);
			name = Resources;
			sourceTree = "<group>";
		};
		2A37F4C3FDCFA73011CA2CEA /* Frameworks */ = {
			isa = PBXGroup;
			children = (
				1058C7A6FEA54F5311CA2CBB /* Linked Frameworks */,
				1058C7A8FEA54F5311CA2CBB /* Other Frameworks */,
			);
			name = Frameworks;
			sourceTree = "<group>";
		};
/* End PBXGroup section */

/* Begin PBXNativeTarget section */
		8D15AC270486D014006FF6A4 /* PDF Optimizer */ = {
			isa = PBXNativeTarget;
			buildConfigurationList = C05733C708A9546B00998B17 /* Build configuration list for PBXNativeTarget "PDF Optimizer" */;
			buildPhases = (
				8D15AC2B0486D014006FF6A4 /* Resources */,
				8D15AC300486D014006FF6A4 /* Sources */,
				8D15AC330486D014006FF6A4 /* Frameworks */,
				960DBE3912DAC5C50005707A /* CopyFiles */,
			);
			buildRules = (
			);
			dependencies = (
			);
			name = "PDF Optimizer";
			productInstallPath = "$(HOME)/Applications";
			productName = "PDF Optimizer";
			productReference = 8D15AC370486D014006FF6A4 /* PDF Optimizer.app */;
			productType = "com.apple.product-type.application";
		};
/* End PBXNativeTarget section */

/* Begin PBXProject section */
		2A37F4A9FDCFA73011CA2CEA /* Project object */ = {
			isa = PBXProject;
			attributes = {
				ORGANIZATIONNAME = "Jason Terhorst";
			};
			buildConfigurationList = C05733CB08A9546B00998B17 /* Build configuration list for PBXProject "PDF Optimizer" */;
			compatibilityVersion = "Xcode 3.1";
			developmentRegion = English;
			hasScannedForEncodings = 1;
			knownRegions = (
				English,
				Japanese,
				French,
				German,
			);
			mainGroup = 2A37F4AAFDCFA73011CA2CEA /* PDF Optimizer */;
			projectDirPath = "";
			projectRoot = "";
			targets = (
				8D15AC270486D014006FF6A4 /* PDF Optimizer */,
			);
		};
/* End PBXProject section */

/* Begin PBXResourcesBuildPhase section */
		8D15AC2B0486D014006FF6A4 /* Resources */ = {
			isa = PBXResourcesBuildPhase;
			buildActionMask = 2147483647;
			files = (
				8D15AC2C0486D014006FF6A4 /* Credits.rtf in Resources */,
				8D15AC2F0486D014006FF6A4 /* InfoPlist.strings in Resources */,
				1DDD582C0DA1D0D100B32029 /* MyDocument.xib in Resources */,
				1DDD582D0DA1D0D100B32029 /* MainMenu.xib in Resources */,
				96229DDB13FDA80D0059760B /* 115low.qfilter in Resources */,
				9695CAED12C699D70006BB99 /* 115avg.qfilter in Resources */,
				96229DD913FDA80B0059760B /* 115high.qfilter in Resources */,
				960DBE3C12DAC8170005707A /* dsa_pub.pem in Resources */,
				960DBF7C12DD53060005707A /* pdf_folder.icns in Resources */,
			);
			runOnlyForDeploymentPostprocessing = 0;
		};
/* End PBXResourcesBuildPhase section */

/* Begin PBXSourcesBuildPhase section */
		8D15AC300486D014006FF6A4 /* Sources */ = {
			isa = PBXSourcesBuildPhase;
			buildActionMask = 2147483647;
			files = (
				8D15AC310486D014006FF6A4 /* MyDocument.m in Sources */,
				8D15AC320486D014006FF6A4 /* main.m in Sources */,
				9695CAAF12C693900006BB99 /* JTPDFPageView.m in Sources */,
				960DBF9E12DD56600005707A /* PDFOptimizerAppDelegate.h in Sources */,
				960DBF9F12DD56600005707A /* PDFOptimizerAppDelegate.m in Sources */,
				960DBFB312DD5ABD0005707A /* PFMoveApplication.h in Sources */,
				960DBFB412DD5ABD0005707A /* PFMoveApplication.m in Sources */,
			);
			runOnlyForDeploymentPostprocessing = 0;
		};
/* End PBXSourcesBuildPhase section */

/* Begin PBXVariantGroup section */
		089C165FFE840EACC02AAC07 /* InfoPlist.strings */ = {
			isa = PBXVariantGroup;
			children = (
				089C1660FE840EACC02AAC07 /* English */,
			);
			name = InfoPlist.strings;
			sourceTree = "<group>";
		};
		1DDD58280DA1D0D100B32029 /* MyDocument.xib */ = {
			isa = PBXVariantGroup;
			children = (
				1DDD58290DA1D0D100B32029 /* English */,
			);
			name = MyDocument.xib;
			sourceTree = "<group>";
		};
		1DDD582A0DA1D0D100B32029 /* MainMenu.xib */ = {
			isa = PBXVariantGroup;
			children = (
				1DDD582B0DA1D0D100B32029 /* English */,
			);
			name = MainMenu.xib;
			sourceTree = "<group>";
		};
		2A37F4B9FDCFA73011CA2CEA /* Credits.rtf */ = {
			isa = PBXVariantGroup;
			children = (
				2A37F4BAFDCFA73011CA2CEA /* English */,
			);
			name = Credits.rtf;
			sourceTree = "<group>";
		};
/* End PBXVariantGroup section */

/* Begin XCBuildConfiguration section */
		C05733C808A9546B00998B17 /* Debug */ = {
			isa = XCBuildConfiguration;
			buildSettings = {
				ALWAYS_SEARCH_USER_PATHS = NO;
				COPY_PHASE_STRIP = NO;
				FRAMEWORK_SEARCH_PATHS = (
					"$(inherited)",
					"\"$(SRCROOT)\"",
				);
				GCC_DYNAMIC_NO_PIC = NO;
				GCC_ENABLE_FIX_AND_CONTINUE = YES;
				GCC_MODEL_TUNING = G5;
				GCC_OPTIMIZATION_LEVEL = 0;
				GCC_PRECOMPILE_PREFIX_HEADER = YES;
				GCC_PREFIX_HEADER = PDF_Optimizer_Prefix.pch;
				INFOPLIST_FILE = "PDF_Optimizer-Info.plist";
				INSTALL_PATH = "$(HOME)/Applications";
				PRODUCT_NAME = "PDF Optimizer";
			};
			name = Debug;
		};
		C05733C908A9546B00998B17 /* Release */ = {
			isa = XCBuildConfiguration;
			buildSettings = {
				ALWAYS_SEARCH_USER_PATHS = NO;
				DEBUG_INFORMATION_FORMAT = "dwarf-with-dsym";
				FRAMEWORK_SEARCH_PATHS = (
					"$(inherited)",
					"\"$(SRCROOT)\"",
				);
				GCC_MODEL_TUNING = G5;
				GCC_PRECOMPILE_PREFIX_HEADER = YES;
				GCC_PREFIX_HEADER = PDF_Optimizer_Prefix.pch;
				INFOPLIST_FILE = "PDF_Optimizer-Info.plist";
				INSTALL_PATH = "$(HOME)/Applications";
				PRODUCT_NAME = "PDF Optimizer";
			};
			name = Release;
		};
		C05733CC08A9546B00998B17 /* Debug */ = {
			isa = XCBuildConfiguration;
			buildSettings = {
				ARCHS = "$(ARCHS_STANDARD_32_64_BIT)";
				GCC_C_LANGUAGE_STANDARD = gnu99;
				GCC_OPTIMIZATION_LEVEL = 0;
				GCC_WARN_ABOUT_RETURN_TYPE = YES;
				GCC_WARN_UNUSED_VARIABLE = YES;
				ONLY_ACTIVE_ARCH = YES;
				PREBINDING = NO;
				SDKROOT = macosx10.6;
			};
			name = Debug;
		};
		C05733CD08A9546B00998B17 /* Release */ = {
			isa = XCBuildConfiguration;
			buildSettings = {
				ARCHS = "$(ARCHS_STANDARD_32_64_BIT)";
				GCC_C_LANGUAGE_STANDARD = gnu99;
				GCC_WARN_ABOUT_RETURN_TYPE = YES;
				GCC_WARN_UNUSED_VARIABLE = YES;
				PREBINDING = NO;
				SDKROOT = macosx10.6;
			};
			name = Release;
		};
/* End XCBuildConfiguration section */

/* Begin XCConfigurationList section */
		C05733C708A9546B00998B17 /* Build configuration list for PBXNativeTarget "PDF Optimizer" */ = {
			isa = XCConfigurationList;
			buildConfigurations = (
				C05733C808A9546B00998B17 /* Debug */,
				C05733C908A9546B00998B17 /* Release */,
			);
			defaultConfigurationIsVisible = 0;
			defaultConfigurationName = Release;
		};
		C05733CB08A9546B00998B17 /* Build configuration list for PBXProject "PDF Optimizer" */ = {
			isa = XCConfigurationList;
			buildConfigurations = (
				C05733CC08A9546B00998B17 /* Debug */,
				C05733CD08A9546B00998B17 /* Release */,
			);
			defaultConfigurationIsVisible = 0;
			defaultConfigurationName = Release;
		};
/* End XCConfigurationList section */
	};
	rootObject = 2A37F4A9FDCFA73011CA2CEA /* Project object */;
}
